// !$*UTF8*$!
{
	archiveVersion = 1;
	classes = {
	};
	objectVersion = 77;
	objects = {

/* Begin PBXBuildFile section */
		647060C62D777E5F0023601B /* GoogleService-Info.plist in Resources */ = {isa = PBXBuildFile; fileRef = 647060C52D777E5F0023601B /* GoogleService-Info.plist */; };
		647060C72D777E5F0023601B /* GoogleService-Info.plist in Resources */ = {isa = PBXBuildFile; fileRef = 647060C52D777E5F0023601B /* GoogleService-Info.plist */; };
		647060C82D777E5F0023601B /* GoogleService-Info.plist in Resources */ = {isa = PBXBuildFile; fileRef = 647060C52D777E5F0023601B /* GoogleService-Info.plist */; };
		647060CB2D777F750023601B /* FirebaseAnalytics in Frameworks */ = {isa = PBXBuildFile; productRef = 647060CA2D777F750023601B /* FirebaseAnalytics */; };
		647060CD2D777F750023601B /* FirebaseAnalyticsOnDeviceConversion in Frameworks */ = {isa = PBXBuildFile; productRef = 647060CC2D777F750023601B /* FirebaseAnalyticsOnDeviceConversion */; };
		647060CF2D777F750023601B /* FirebaseAnalyticsWithoutAdIdSupport in Frameworks */ = {isa = PBXBuildFile; productRef = 647060CE2D777F750023601B /* FirebaseAnalyticsWithoutAdIdSupport */; };
		647060D12D777F750023601B /* FirebaseAppCheck in Frameworks */ = {isa = PBXBuildFile; productRef = 647060D02D777F750023601B /* FirebaseAppCheck */; };
		647060D32D777F750023601B /* FirebaseAppDistribution-Beta in Frameworks */ = {isa = PBXBuildFile; productRef = 647060D22D777F750023601B /* FirebaseAppDistribution-Beta */; };
		647060D52D777F750023601B /* FirebaseAuth in Frameworks */ = {isa = PBXBuildFile; productRef = 647060D42D777F750023601B /* FirebaseAuth */; };
		647060D72D777F750023601B /* FirebaseAuthCombine-Community in Frameworks */ = {isa = PBXBuildFile; productRef = 647060D62D777F750023601B /* FirebaseAuthCombine-Community */; };
		647060D92D777F750023601B /* FirebaseCore in Frameworks */ = {isa = PBXBuildFile; productRef = 647060D82D777F750023601B /* FirebaseCore */; };
		647060DB2D777F750023601B /* FirebaseCrashlytics in Frameworks */ = {isa = PBXBuildFile; productRef = 647060DA2D777F750023601B /* FirebaseCrashlytics */; };
		647060DD2D777F750023601B /* FirebaseDatabase in Frameworks */ = {isa = PBXBuildFile; productRef = 647060DC2D777F750023601B /* FirebaseDatabase */; };
		647060DF2D777F750023601B /* FirebaseDynamicLinks in Frameworks */ = {isa = PBXBuildFile; productRef = 647060DE2D777F750023601B /* FirebaseDynamicLinks */; };
		647060E12D777F750023601B /* FirebaseFirestore in Frameworks */ = {isa = PBXBuildFile; productRef = 647060E02D777F750023601B /* FirebaseFirestore */; };
		647060E32D777F750023601B /* FirebaseFirestoreCombine-Community in Frameworks */ = {isa = PBXBuildFile; productRef = 647060E22D777F750023601B /* FirebaseFirestoreCombine-Community */; };
		647060E52D777F750023601B /* FirebaseFunctions in Frameworks */ = {isa = PBXBuildFile; productRef = 647060E42D777F750023601B /* FirebaseFunctions */; };
		647060E72D777F750023601B /* FirebaseFunctionsCombine-Community in Frameworks */ = {isa = PBXBuildFile; productRef = 647060E62D777F750023601B /* FirebaseFunctionsCombine-Community */; };
		647060E92D777F750023601B /* FirebaseInAppMessaging-Beta in Frameworks */ = {isa = PBXBuildFile; productRef = 647060E82D777F750023601B /* FirebaseInAppMessaging-Beta */; };
		647060EB2D777F750023601B /* FirebaseInstallations in Frameworks */ = {isa = PBXBuildFile; productRef = 647060EA2D777F750023601B /* FirebaseInstallations */; };
		647060ED2D777F750023601B /* FirebaseMLModelDownloader in Frameworks */ = {isa = PBXBuildFile; productRef = 647060EC2D777F750023601B /* FirebaseMLModelDownloader */; };
		647060EF2D777F750023601B /* FirebaseMessaging in Frameworks */ = {isa = PBXBuildFile; productRef = 647060EE2D777F750023601B /* FirebaseMessaging */; };
		647060F12D777F750023601B /* FirebasePerformance in Frameworks */ = {isa = PBXBuildFile; productRef = 647060F02D777F750023601B /* FirebasePerformance */; };
		647060F32D777F750023601B /* FirebaseRemoteConfig in Frameworks */ = {isa = PBXBuildFile; productRef = 647060F22D777F750023601B /* FirebaseRemoteConfig */; };
		647060F52D777F750023601B /* FirebaseStorage in Frameworks */ = {isa = PBXBuildFile; productRef = 647060F42D777F750023601B /* FirebaseStorage */; };
		647060F72D777F750023601B /* FirebaseStorageCombine-Community in Frameworks */ = {isa = PBXBuildFile; productRef = 647060F62D777F750023601B /* FirebaseStorageCombine-Community */; };
		647060F92D777F750023601B /* FirebaseVertexAI in Frameworks */ = {isa = PBXBuildFile; productRef = 647060F82D777F750023601B /* FirebaseVertexAI */; };
		649063D42D55239E00CD42E9 /* CodeScanner in Frameworks */ = {isa = PBXBuildFile; productRef = 649063D32D55239E00CD42E9 /* CodeScanner */; };
/* End PBXBuildFile section */

/* Begin PBXContainerItemProxy section */
		6480B3922D496163007E011F /* PBXContainerItemProxy */ = {
			isa = PBXContainerItemProxy;
			containerPortal = 6480B3772D496162007E011F /* Project object */;
			proxyType = 1;
			remoteGlobalIDString = 6480B37E2D496162007E011F;
			remoteInfo = "Inventory Management System";
		};
		6480B39C2D496163007E011F /* PBXContainerItemProxy */ = {
			isa = PBXContainerItemProxy;
			containerPortal = 6480B3772D496162007E011F /* Project object */;
			proxyType = 1;
			remoteGlobalIDString = 6480B37E2D496162007E011F;
			remoteInfo = "Inventory Management System";
		};
/* End PBXContainerItemProxy section */

/* Begin PBXFileReference section */
		647060C52D777E5F0023601B /* GoogleService-Info.plist */ = {isa = PBXFileReference; lastKnownFileType = text.plist.xml; path = "GoogleService-Info.plist"; sourceTree = "<group>"; };
		6480B37F2D496162007E011F /* Inventory Management System.app */ = {isa = PBXFileReference; explicitFileType = wrapper.application; includeInIndex = 0; path = "Inventory Management System.app"; sourceTree = BUILT_PRODUCTS_DIR; };
		6480B3912D496163007E011F /* Inventory Management SystemTests.xctest */ = {isa = PBXFileReference; explicitFileType = wrapper.cfbundle; includeInIndex = 0; path = "Inventory Management SystemTests.xctest"; sourceTree = BUILT_PRODUCTS_DIR; };
		6480B39B2D496163007E011F /* Inventory Management SystemUITests.xctest */ = {isa = PBXFileReference; explicitFileType = wrapper.cfbundle; includeInIndex = 0; path = "Inventory Management SystemUITests.xctest"; sourceTree = BUILT_PRODUCTS_DIR; };
/* End PBXFileReference section */

/* Begin PBXFileSystemSynchronizedRootGroup section */
		6480B3812D496162007E011F /* Inventory Management System */ = {
			isa = PBXFileSystemSynchronizedRootGroup;
			path = "Inventory Management System";
			sourceTree = "<group>";
		};
		6480B3942D496163007E011F /* Inventory Management SystemTests */ = {
			isa = PBXFileSystemSynchronizedRootGroup;
			path = "Inventory Management SystemTests";
			sourceTree = "<group>";
		};
		6480B39E2D496163007E011F /* Inventory Management SystemUITests */ = {
			isa = PBXFileSystemSynchronizedRootGroup;
			path = "Inventory Management SystemUITests";
			sourceTree = "<group>";
		};
/* End PBXFileSystemSynchronizedRootGroup section */

/* Begin PBXFrameworksBuildPhase section */
		6480B37C2D496162007E011F /* Frameworks */ = {
			isa = PBXFrameworksBuildPhase;
			buildActionMask = 2147483647;
			files = (
				647060CB2D777F750023601B /* FirebaseAnalytics in Frameworks */,
				647060E12D777F750023601B /* FirebaseFirestore in Frameworks */,
				647060CD2D777F750023601B /* FirebaseAnalyticsOnDeviceConversion in Frameworks */,
				647060EB2D777F750023601B /* FirebaseInstallations in Frameworks */,
				649063D42D55239E00CD42E9 /* CodeScanner in Frameworks */,
				647060D12D777F750023601B /* FirebaseAppCheck in Frameworks */,
				647060E92D777F750023601B /* FirebaseInAppMessaging-Beta in Frameworks */,
				647060CF2D777F750023601B /* FirebaseAnalyticsWithoutAdIdSupport in Frameworks */,
				647060D52D777F750023601B /* FirebaseAuth in Frameworks */,
				647060E72D777F750023601B /* FirebaseFunctionsCombine-Community in Frameworks */,
				647060F72D777F750023601B /* FirebaseStorageCombine-Community in Frameworks */,
				647060D32D777F750023601B /* FirebaseAppDistribution-Beta in Frameworks */,
				647060F92D777F750023601B /* FirebaseVertexAI in Frameworks */,
				647060F52D777F750023601B /* FirebaseStorage in Frameworks */,
				647060F32D777F750023601B /* FirebaseRemoteConfig in Frameworks */,
				647060DB2D777F750023601B /* FirebaseCrashlytics in Frameworks */,
				647060EF2D777F750023601B /* FirebaseMessaging in Frameworks */,
				647060ED2D777F750023601B /* FirebaseMLModelDownloader in Frameworks */,
				647060F12D777F750023601B /* FirebasePerformance in Frameworks */,
				647060DD2D777F750023601B /* FirebaseDatabase in Frameworks */,
				647060D92D777F750023601B /* FirebaseCore in Frameworks */,
				647060D72D777F750023601B /* FirebaseAuthCombine-Community in Frameworks */,
				647060E52D777F750023601B /* FirebaseFunctions in Frameworks */,
				647060DF2D777F750023601B /* FirebaseDynamicLinks in Frameworks */,
				647060E32D777F750023601B /* FirebaseFirestoreCombine-Community in Frameworks */,
			);
			runOnlyForDeploymentPostprocessing = 0;
		};
		6480B38E2D496163007E011F /* Frameworks */ = {
			isa = PBXFrameworksBuildPhase;
			buildActionMask = 2147483647;
			files = (
			);
			runOnlyForDeploymentPostprocessing = 0;
		};
		6480B3982D496163007E011F /* Frameworks */ = {
			isa = PBXFrameworksBuildPhase;
			buildActionMask = 2147483647;
			files = (
			);
			runOnlyForDeploymentPostprocessing = 0;
		};
/* End PBXFrameworksBuildPhase section */

/* Begin PBXGroup section */
		6480B3762D496162007E011F = {
			isa = PBXGroup;
			children = (
				6480B3812D496162007E011F /* Inventory Management System */,
				6480B3942D496163007E011F /* Inventory Management SystemTests */,
				6480B39E2D496163007E011F /* Inventory Management SystemUITests */,
				6480B3802D496162007E011F /* Products */,
				647060C52D777E5F0023601B /* GoogleService-Info.plist */,
			);
			sourceTree = "<group>";
		};
		6480B3802D496162007E011F /* Products */ = {
			isa = PBXGroup;
			children = (
				6480B37F2D496162007E011F /* Inventory Management System.app */,
				6480B3912D496163007E011F /* Inventory Management SystemTests.xctest */,
				6480B39B2D496163007E011F /* Inventory Management SystemUITests.xctest */,
			);
			name = Products;
			sourceTree = "<group>";
		};
/* End PBXGroup section */

/* Begin PBXNativeTarget section */
		6480B37E2D496162007E011F /* Inventory Management System */ = {
			isa = PBXNativeTarget;
			buildConfigurationList = 6480B3A52D496163007E011F /* Build configuration list for PBXNativeTarget "Inventory Management System" */;
			buildPhases = (
				6480B37B2D496162007E011F /* Sources */,
				6480B37C2D496162007E011F /* Frameworks */,
				6480B37D2D496162007E011F /* Resources */,
			);
			buildRules = (
			);
			dependencies = (
			);
			fileSystemSynchronizedGroups = (
				6480B3812D496162007E011F /* Inventory Management System */,
			);
			name = "Inventory Management System";
			packageProductDependencies = (
				649063D32D55239E00CD42E9 /* CodeScanner */,
				647060CA2D777F750023601B /* FirebaseAnalytics */,
				647060CC2D777F750023601B /* FirebaseAnalyticsOnDeviceConversion */,
				647060CE2D777F750023601B /* FirebaseAnalyticsWithoutAdIdSupport */,
				647060D02D777F750023601B /* FirebaseAppCheck */,
				647060D22D777F750023601B /* FirebaseAppDistribution-Beta */,
				647060D42D777F750023601B /* FirebaseAuth */,
				647060D62D777F750023601B /* FirebaseAuthCombine-Community */,
				647060D82D777F750023601B /* FirebaseCore */,
				647060DA2D777F750023601B /* FirebaseCrashlytics */,
				647060DC2D777F750023601B /* FirebaseDatabase */,
				647060DE2D777F750023601B /* FirebaseDynamicLinks */,
				647060E02D777F750023601B /* FirebaseFirestore */,
				647060E22D777F750023601B /* FirebaseFirestoreCombine-Community */,
				647060E42D777F750023601B /* FirebaseFunctions */,
				647060E62D777F750023601B /* FirebaseFunctionsCombine-Community */,
				647060E82D777F750023601B /* FirebaseInAppMessaging-Beta */,
				647060EA2D777F750023601B /* FirebaseInstallations */,
				647060EC2D777F750023601B /* FirebaseMLModelDownloader */,
				647060EE2D777F750023601B /* FirebaseMessaging */,
				647060F02D777F750023601B /* FirebasePerformance */,
				647060F22D777F750023601B /* FirebaseRemoteConfig */,
				647060F42D777F750023601B /* FirebaseStorage */,
				647060F62D777F750023601B /* FirebaseStorageCombine-Community */,
				647060F82D777F750023601B /* FirebaseVertexAI */,
			);
			productName = "Inventory Management System";
			productReference = 6480B37F2D496162007E011F /* Inventory Management System.app */;
			productType = "com.apple.product-type.application";
		};
		6480B3902D496163007E011F /* Inventory Management SystemTests */ = {
			isa = PBXNativeTarget;
			buildConfigurationList = 6480B3A82D496163007E011F /* Build configuration list for PBXNativeTarget "Inventory Management SystemTests" */;
			buildPhases = (
				6480B38D2D496163007E011F /* Sources */,
				6480B38E2D496163007E011F /* Frameworks */,
				6480B38F2D496163007E011F /* Resources */,
			);
			buildRules = (
			);
			dependencies = (
				6480B3932D496163007E011F /* PBXTargetDependency */,
			);
			fileSystemSynchronizedGroups = (
				6480B3942D496163007E011F /* Inventory Management SystemTests */,
			);
			name = "Inventory Management SystemTests";
			packageProductDependencies = (
			);
			productName = "Inventory Management SystemTests";
			productReference = 6480B3912D496163007E011F /* Inventory Management SystemTests.xctest */;
			productType = "com.apple.product-type.bundle.unit-test";
		};
		6480B39A2D496163007E011F /* Inventory Management SystemUITests */ = {
			isa = PBXNativeTarget;
			buildConfigurationList = 6480B3AB2D496163007E011F /* Build configuration list for PBXNativeTarget "Inventory Management SystemUITests" */;
			buildPhases = (
				6480B3972D496163007E011F /* Sources */,
				6480B3982D496163007E011F /* Frameworks */,
				6480B3992D496163007E011F /* Resources */,
			);
			buildRules = (
			);
			dependencies = (
				6480B39D2D496163007E011F /* PBXTargetDependency */,
			);
			fileSystemSynchronizedGroups = (
				6480B39E2D496163007E011F /* Inventory Management SystemUITests */,
			);
			name = "Inventory Management SystemUITests";
			packageProductDependencies = (
			);
			productName = "Inventory Management SystemUITests";
			productReference = 6480B39B2D496163007E011F /* Inventory Management SystemUITests.xctest */;
			productType = "com.apple.product-type.bundle.ui-testing";
		};
/* End PBXNativeTarget section */

/* Begin PBXProject section */
		6480B3772D496162007E011F /* Project object */ = {
			isa = PBXProject;
			attributes = {
				BuildIndependentTargetsInParallel = 1;
				LastSwiftUpdateCheck = 1620;
				LastUpgradeCheck = 1620;
				TargetAttributes = {
					6480B37E2D496162007E011F = {
						CreatedOnToolsVersion = 16.2;
					};
					6480B3902D496163007E011F = {
						CreatedOnToolsVersion = 16.2;
						TestTargetID = 6480B37E2D496162007E011F;
					};
					6480B39A2D496163007E011F = {
						CreatedOnToolsVersion = 16.2;
						TestTargetID = 6480B37E2D496162007E011F;
					};
				};
			};
			buildConfigurationList = 6480B37A2D496162007E011F /* Build configuration list for PBXProject "Inventory Management System" */;
			developmentRegion = en;
			hasScannedForEncodings = 0;
			knownRegions = (
				en,
				Base,
			);
			mainGroup = 6480B3762D496162007E011F;
			minimizedProjectReferenceProxies = 1;
			packageReferences = (
				649063D22D55239E00CD42E9 /* XCRemoteSwiftPackageReference "CodeScanner" */,
				647060C92D777F750023601B /* XCRemoteSwiftPackageReference "firebase-ios-sdk" */,
			);
			preferredProjectObjectVersion = 77;
			productRefGroup = 6480B3802D496162007E011F /* Products */;
			projectDirPath = "";
			projectRoot = "";
			targets = (
				6480B37E2D496162007E011F /* Inventory Management System */,
				6480B3902D496163007E011F /* Inventory Management SystemTests */,
				6480B39A2D496163007E011F /* Inventory Management SystemUITests */,
			);
		};
/* End PBXProject section */

/* Begin PBXResourcesBuildPhase section */
		6480B37D2D496162007E011F /* Resources */ = {
			isa = PBXResourcesBuildPhase;
			buildActionMask = 2147483647;
			files = (
				647060C72D777E5F0023601B /* GoogleService-Info.plist in Resources */,
			);
			runOnlyForDeploymentPostprocessing = 0;
		};
		6480B38F2D496163007E011F /* Resources */ = {
			isa = PBXResourcesBuildPhase;
			buildActionMask = 2147483647;
			files = (
				647060C82D777E5F0023601B /* GoogleService-Info.plist in Resources */,
			);
			runOnlyForDeploymentPostprocessing = 0;
		};
		6480B3992D496163007E011F /* Resources */ = {
			isa = PBXResourcesBuildPhase;
			buildActionMask = 2147483647;
			files = (
				647060C62D777E5F0023601B /* GoogleService-Info.plist in Resources */,
			);
			runOnlyForDeploymentPostprocessing = 0;
		};
/* End PBXResourcesBuildPhase section */

/* Begin PBXSourcesBuildPhase section */
		6480B37B2D496162007E011F /* Sources */ = {
			isa = PBXSourcesBuildPhase;
			buildActionMask = 2147483647;
			files = (
			);
			runOnlyForDeploymentPostprocessing = 0;
		};
		6480B38D2D496163007E011F /* Sources */ = {
			isa = PBXSourcesBuildPhase;
			buildActionMask = 2147483647;
			files = (
			);
			runOnlyForDeploymentPostprocessing = 0;
		};
		6480B3972D496163007E011F /* Sources */ = {
			isa = PBXSourcesBuildPhase;
			buildActionMask = 2147483647;
			files = (
			);
			runOnlyForDeploymentPostprocessing = 0;
		};
/* End PBXSourcesBuildPhase section */

/* Begin PBXTargetDependency section */
		6480B3932D496163007E011F /* PBXTargetDependency */ = {
			isa = PBXTargetDependency;
			target = 6480B37E2D496162007E011F /* Inventory Management System */;
			targetProxy = 6480B3922D496163007E011F /* PBXContainerItemProxy */;
		};
		6480B39D2D496163007E011F /* PBXTargetDependency */ = {
			isa = PBXTargetDependency;
			target = 6480B37E2D496162007E011F /* Inventory Management System */;
			targetProxy = 6480B39C2D496163007E011F /* PBXContainerItemProxy */;
		};
/* End PBXTargetDependency section */

/* Begin XCBuildConfiguration section */
		6480B3A32D496163007E011F /* Debug */ = {
			isa = XCBuildConfiguration;
			buildSettings = {
				ALWAYS_SEARCH_USER_PATHS = NO;
				ASSETCATALOG_COMPILER_GENERATE_SWIFT_ASSET_SYMBOL_EXTENSIONS = YES;
				CLANG_ANALYZER_NONNULL = YES;
				CLANG_ANALYZER_NUMBER_OBJECT_CONVERSION = YES_AGGRESSIVE;
				CLANG_CXX_LANGUAGE_STANDARD = "gnu++20";
				CLANG_ENABLE_MODULES = YES;
				CLANG_ENABLE_OBJC_ARC = YES;
				CLANG_ENABLE_OBJC_WEAK = YES;
				CLANG_WARN_BLOCK_CAPTURE_AUTORELEASING = YES;
				CLANG_WARN_BOOL_CONVERSION = YES;
				CLANG_WARN_COMMA = YES;
				CLANG_WARN_CONSTANT_CONVERSION = YES;
				CLANG_WARN_DEPRECATED_OBJC_IMPLEMENTATIONS = YES;
				CLANG_WARN_DIRECT_OBJC_ISA_USAGE = YES_ERROR;
				CLANG_WARN_DOCUMENTATION_COMMENTS = YES;
				CLANG_WARN_EMPTY_BODY = YES;
				CLANG_WARN_ENUM_CONVERSION = YES;
				CLANG_WARN_INFINITE_RECURSION = YES;
				CLANG_WARN_INT_CONVERSION = YES;
				CLANG_WARN_NON_LITERAL_NULL_CONVERSION = YES;
				CLANG_WARN_OBJC_IMPLICIT_RETAIN_SELF = YES;
				CLANG_WARN_OBJC_LITERAL_CONVERSION = YES;
				CLANG_WARN_OBJC_ROOT_CLASS = YES_ERROR;
				CLANG_WARN_QUOTED_INCLUDE_IN_FRAMEWORK_HEADER = YES;
				CLANG_WARN_RANGE_LOOP_ANALYSIS = YES;
				CLANG_WARN_STRICT_PROTOTYPES = YES;
				CLANG_WARN_SUSPICIOUS_MOVE = YES;
				CLANG_WARN_UNGUARDED_AVAILABILITY = YES_AGGRESSIVE;
				CLANG_WARN_UNREACHABLE_CODE = YES;
				CLANG_WARN__DUPLICATE_METHOD_MATCH = YES;
				COPY_PHASE_STRIP = NO;
				DEBUG_INFORMATION_FORMAT = dwarf;
				ENABLE_STRICT_OBJC_MSGSEND = YES;
				ENABLE_TESTABILITY = YES;
				ENABLE_USER_SCRIPT_SANDBOXING = YES;
				GCC_C_LANGUAGE_STANDARD = gnu17;
				GCC_DYNAMIC_NO_PIC = NO;
				GCC_NO_COMMON_BLOCKS = YES;
				GCC_OPTIMIZATION_LEVEL = 0;
				GCC_PREPROCESSOR_DEFINITIONS = (
					"DEBUG=1",
					"$(inherited)",
				);
				GCC_WARN_64_TO_32_BIT_CONVERSION = YES;
				GCC_WARN_ABOUT_RETURN_TYPE = YES_ERROR;
				GCC_WARN_UNDECLARED_SELECTOR = YES;
				GCC_WARN_UNINITIALIZED_AUTOS = YES_AGGRESSIVE;
				GCC_WARN_UNUSED_FUNCTION = YES;
				GCC_WARN_UNUSED_VARIABLE = YES;
				IPHONEOS_DEPLOYMENT_TARGET = 18.2;
				LOCALIZATION_PREFERS_STRING_CATALOGS = YES;
				MTL_ENABLE_DEBUG_INFO = INCLUDE_SOURCE;
				MTL_FAST_MATH = YES;
				ONLY_ACTIVE_ARCH = YES;
				SDKROOT = iphoneos;
				SWIFT_ACTIVE_COMPILATION_CONDITIONS = "DEBUG $(inherited)";
				SWIFT_OPTIMIZATION_LEVEL = "-Onone";
			};
			name = Debug;
		};
		6480B3A42D496163007E011F /* Release */ = {
			isa = XCBuildConfiguration;
			buildSettings = {
				ALWAYS_SEARCH_USER_PATHS = NO;
				ASSETCATALOG_COMPILER_GENERATE_SWIFT_ASSET_SYMBOL_EXTENSIONS = YES;
				CLANG_ANALYZER_NONNULL = YES;
				CLANG_ANALYZER_NUMBER_OBJECT_CONVERSION = YES_AGGRESSIVE;
				CLANG_CXX_LANGUAGE_STANDARD = "gnu++20";
				CLANG_ENABLE_MODULES = YES;
				CLANG_ENABLE_OBJC_ARC = YES;
				CLANG_ENABLE_OBJC_WEAK = YES;
				CLANG_WARN_BLOCK_CAPTURE_AUTORELEASING = YES;
				CLANG_WARN_BOOL_CONVERSION = YES;
				CLANG_WARN_COMMA = YES;
				CLANG_WARN_CONSTANT_CONVERSION = YES;
				CLANG_WARN_DEPRECATED_OBJC_IMPLEMENTATIONS = YES;
				CLANG_WARN_DIRECT_OBJC_ISA_USAGE = YES_ERROR;
				CLANG_WARN_DOCUMENTATION_COMMENTS = YES;
				CLANG_WARN_EMPTY_BODY = YES;
				CLANG_WARN_ENUM_CONVERSION = YES;
				CLANG_WARN_INFINITE_RECURSION = YES;
				CLANG_WARN_INT_CONVERSION = YES;
				CLANG_WARN_NON_LITERAL_NULL_CONVERSION = YES;
				CLANG_WARN_OBJC_IMPLICIT_RETAIN_SELF = YES;
				CLANG_WARN_OBJC_LITERAL_CONVERSION = YES;
				CLANG_WARN_OBJC_ROOT_CLASS = YES_ERROR;
				CLANG_WARN_QUOTED_INCLUDE_IN_FRAMEWORK_HEADER = YES;
				CLANG_WARN_RANGE_LOOP_ANALYSIS = YES;
				CLANG_WARN_STRICT_PROTOTYPES = YES;
				CLANG_WARN_SUSPICIOUS_MOVE = YES;
				CLANG_WARN_UNGUARDED_AVAILABILITY = YES_AGGRESSIVE;
				CLANG_WARN_UNREACHABLE_CODE = YES;
				CLANG_WARN__DUPLICATE_METHOD_MATCH = YES;
				COPY_PHASE_STRIP = NO;
				DEBUG_INFORMATION_FORMAT = "dwarf-with-dsym";
				ENABLE_NS_ASSERTIONS = NO;
				ENABLE_STRICT_OBJC_MSGSEND = YES;
				ENABLE_USER_SCRIPT_SANDBOXING = YES;
				GCC_C_LANGUAGE_STANDARD = gnu17;
				GCC_NO_COMMON_BLOCKS = YES;
				GCC_WARN_64_TO_32_BIT_CONVERSION = YES;
				GCC_WARN_ABOUT_RETURN_TYPE = YES_ERROR;
				GCC_WARN_UNDECLARED_SELECTOR = YES;
				GCC_WARN_UNINITIALIZED_AUTOS = YES_AGGRESSIVE;
				GCC_WARN_UNUSED_FUNCTION = YES;
				GCC_WARN_UNUSED_VARIABLE = YES;
				IPHONEOS_DEPLOYMENT_TARGET = 18.2;
				LOCALIZATION_PREFERS_STRING_CATALOGS = YES;
				MTL_ENABLE_DEBUG_INFO = NO;
				MTL_FAST_MATH = YES;
				SDKROOT = iphoneos;
				SWIFT_COMPILATION_MODE = wholemodule;
				VALIDATE_PRODUCT = YES;
			};
			name = Release;
		};
		6480B3A62D496163007E011F /* Debug */ = {
			isa = XCBuildConfiguration;
			buildSettings = {
				ASSETCATALOG_COMPILER_APPICON_NAME = AppIcon;
				ASSETCATALOG_COMPILER_GLOBAL_ACCENT_COLOR_NAME = AccentColor;
				CODE_SIGN_STYLE = Automatic;
				CURRENT_PROJECT_VERSION = 1;
				DEVELOPMENT_ASSET_PATHS = "\"Inventory Management System/Preview Content\"";
				DEVELOPMENT_TEAM = RXTSCCJF26;
				ENABLE_PREVIEWS = YES;
				GENERATE_INFOPLIST_FILE = YES;
				INFOPLIST_KEY_NSCameraUsageDescription = "Inventory Management System would like access to your camera to scan QR and Barcodes essential to the usage of the app.";
				INFOPLIST_KEY_UIApplicationSceneManifest_Generation = YES;
				INFOPLIST_KEY_UIApplicationSupportsIndirectInputEvents = YES;
				INFOPLIST_KEY_UILaunchScreen_Generation = YES;
				INFOPLIST_KEY_UISupportedInterfaceOrientations_iPad = "UIInterfaceOrientationPortrait UIInterfaceOrientationPortraitUpsideDown UIInterfaceOrientationLandscapeLeft UIInterfaceOrientationLandscapeRight";
				INFOPLIST_KEY_UISupportedInterfaceOrientations_iPhone = "UIInterfaceOrientationPortrait UIInterfaceOrientationLandscapeLeft UIInterfaceOrientationLandscapeRight";
				INFOPLIST_KEY_UISupportsDocumentBrowser = YES;
				LD_RUNPATH_SEARCH_PATHS = (
					"$(inherited)",
					"@executable_path/Frameworks",
				);
				MARKETING_VERSION = 1.0;
				PRODUCT_BUNDLE_IDENTIFIER = "CalgaryZoo.Inventory-Management-System";
				PRODUCT_NAME = "$(TARGET_NAME)";
				SWIFT_EMIT_LOC_STRINGS = YES;
				SWIFT_VERSION = 5.0;
				TARGETED_DEVICE_FAMILY = "1,2";
			};
			name = Debug;
		};
		6480B3A72D496163007E011F /* Release */ = {
			isa = XCBuildConfiguration;
			buildSettings = {
				ASSETCATALOG_COMPILER_APPICON_NAME = AppIcon;
				ASSETCATALOG_COMPILER_GLOBAL_ACCENT_COLOR_NAME = AccentColor;
				CODE_SIGN_STYLE = Automatic;
				CURRENT_PROJECT_VERSION = 1;
				DEVELOPMENT_ASSET_PATHS = "\"Inventory Management System/Preview Content\"";
				DEVELOPMENT_TEAM = RXTSCCJF26;
				ENABLE_PREVIEWS = YES;
				GENERATE_INFOPLIST_FILE = YES;
				INFOPLIST_KEY_NSCameraUsageDescription = "Inventory Management System would like access to your camera to scan QR and Barcodes essential to the usage of the app.";
				INFOPLIST_KEY_UIApplicationSceneManifest_Generation = YES;
				INFOPLIST_KEY_UIApplicationSupportsIndirectInputEvents = YES;
				INFOPLIST_KEY_UILaunchScreen_Generation = YES;
				INFOPLIST_KEY_UISupportedInterfaceOrientations_iPad = "UIInterfaceOrientationPortrait UIInterfaceOrientationPortraitUpsideDown UIInterfaceOrientationLandscapeLeft UIInterfaceOrientationLandscapeRight";
				INFOPLIST_KEY_UISupportedInterfaceOrientations_iPhone = "UIInterfaceOrientationPortrait UIInterfaceOrientationLandscapeLeft UIInterfaceOrientationLandscapeRight";
				INFOPLIST_KEY_UISupportsDocumentBrowser = YES;
				LD_RUNPATH_SEARCH_PATHS = (
					"$(inherited)",
					"@executable_path/Frameworks",
				);
				MARKETING_VERSION = 1.0;
				PRODUCT_BUNDLE_IDENTIFIER = "CalgaryZoo.Inventory-Management-System";
				PRODUCT_NAME = "$(TARGET_NAME)";
				SWIFT_EMIT_LOC_STRINGS = YES;
				SWIFT_VERSION = 5.0;
				TARGETED_DEVICE_FAMILY = "1,2";
			};
			name = Release;
		};
		6480B3A92D496163007E011F /* Debug */ = {
			isa = XCBuildConfiguration;
			buildSettings = {
				BUNDLE_LOADER = "$(TEST_HOST)";
				CODE_SIGN_STYLE = Automatic;
				CURRENT_PROJECT_VERSION = 1;
				DEVELOPMENT_TEAM = 8SN9KC4U27;
				GENERATE_INFOPLIST_FILE = YES;
				IPHONEOS_DEPLOYMENT_TARGET = 18.2;
				MARKETING_VERSION = 1.0;
				PRODUCT_BUNDLE_IDENTIFIER = "CalgaryZoo.Inventory-Management-SystemTests";
				PRODUCT_NAME = "$(TARGET_NAME)";
				SWIFT_EMIT_LOC_STRINGS = NO;
				SWIFT_VERSION = 5.0;
				TARGETED_DEVICE_FAMILY = "1,2";
				TEST_HOST = "$(BUILT_PRODUCTS_DIR)/Inventory Management System.app/$(BUNDLE_EXECUTABLE_FOLDER_PATH)/Inventory Management System";
			};
			name = Debug;
		};
		6480B3AA2D496163007E011F /* Release */ = {
			isa = XCBuildConfiguration;
			buildSettings = {
				BUNDLE_LOADER = "$(TEST_HOST)";
				CODE_SIGN_STYLE = Automatic;
				CURRENT_PROJECT_VERSION = 1;
				DEVELOPMENT_TEAM = 8SN9KC4U27;
				GENERATE_INFOPLIST_FILE = YES;
				IPHONEOS_DEPLOYMENT_TARGET = 18.2;
				MARKETING_VERSION = 1.0;
				PRODUCT_BUNDLE_IDENTIFIER = "CalgaryZoo.Inventory-Management-SystemTests";
				PRODUCT_NAME = "$(TARGET_NAME)";
				SWIFT_EMIT_LOC_STRINGS = NO;
				SWIFT_VERSION = 5.0;
				TARGETED_DEVICE_FAMILY = "1,2";
				TEST_HOST = "$(BUILT_PRODUCTS_DIR)/Inventory Management System.app/$(BUNDLE_EXECUTABLE_FOLDER_PATH)/Inventory Management System";
			};
			name = Release;
		};
		6480B3AC2D496163007E011F /* Debug */ = {
			isa = XCBuildConfiguration;
			buildSettings = {
				CODE_SIGN_STYLE = Automatic;
				CURRENT_PROJECT_VERSION = 1;
				DEVELOPMENT_TEAM = 8SN9KC4U27;
				GENERATE_INFOPLIST_FILE = YES;
				MARKETING_VERSION = 1.0;
				PRODUCT_BUNDLE_IDENTIFIER = "CalgaryZoo.Inventory-Management-SystemUITests";
				PRODUCT_NAME = "$(TARGET_NAME)";
				SWIFT_EMIT_LOC_STRINGS = NO;
				SWIFT_VERSION = 5.0;
				TARGETED_DEVICE_FAMILY = "1,2";
				TEST_TARGET_NAME = "Inventory Management System";
			};
			name = Debug;
		};
		6480B3AD2D496163007E011F /* Release */ = {
			isa = XCBuildConfiguration;
			buildSettings = {
				CODE_SIGN_STYLE = Automatic;
				CURRENT_PROJECT_VERSION = 1;
				DEVELOPMENT_TEAM = 8SN9KC4U27;
				GENERATE_INFOPLIST_FILE = YES;
				MARKETING_VERSION = 1.0;
				PRODUCT_BUNDLE_IDENTIFIER = "CalgaryZoo.Inventory-Management-SystemUITests";
				PRODUCT_NAME = "$(TARGET_NAME)";
				SWIFT_EMIT_LOC_STRINGS = NO;
				SWIFT_VERSION = 5.0;
				TARGETED_DEVICE_FAMILY = "1,2";
				TEST_TARGET_NAME = "Inventory Management System";
			};
			name = Release;
		};
/* End XCBuildConfiguration section */

/* Begin XCConfigurationList section */
		6480B37A2D496162007E011F /* Build configuration list for PBXProject "Inventory Management System" */ = {
			isa = XCConfigurationList;
			buildConfigurations = (
				6480B3A32D496163007E011F /* Debug */,
				6480B3A42D496163007E011F /* Release */,
			);
			defaultConfigurationIsVisible = 0;
			defaultConfigurationName = Release;
		};
		6480B3A52D496163007E011F /* Build configuration list for PBXNativeTarget "Inventory Management System" */ = {
			isa = XCConfigurationList;
			buildConfigurations = (
				6480B3A62D496163007E011F /* Debug */,
				6480B3A72D496163007E011F /* Release */,
			);
			defaultConfigurationIsVisible = 0;
			defaultConfigurationName = Release;
		};
		6480B3A82D496163007E011F /* Build configuration list for PBXNativeTarget "Inventory Management SystemTests" */ = {
			isa = XCConfigurationList;
			buildConfigurations = (
				6480B3A92D496163007E011F /* Debug */,
				6480B3AA2D496163007E011F /* Release */,
			);
			defaultConfigurationIsVisible = 0;
			defaultConfigurationName = Release;
		};
		6480B3AB2D496163007E011F /* Build configuration list for PBXNativeTarget "Inventory Management SystemUITests" */ = {
			isa = XCConfigurationList;
			buildConfigurations = (
				6480B3AC2D496163007E011F /* Debug */,
				6480B3AD2D496163007E011F /* Release */,
			);
			defaultConfigurationIsVisible = 0;
			defaultConfigurationName = Release;
		};
/* End XCConfigurationList section */

/* Begin XCRemoteSwiftPackageReference section */
		647060C92D777F750023601B /* XCRemoteSwiftPackageReference "firebase-ios-sdk" */ = {
			isa = XCRemoteSwiftPackageReference;
			repositoryURL = "https://github.com/firebase/firebase-ios-sdk";
			requirement = {
				kind = upToNextMajorVersion;
				minimumVersion = 11.9.0;
			};
		};
		649063D22D55239E00CD42E9 /* XCRemoteSwiftPackageReference "CodeScanner" */ = {
			isa = XCRemoteSwiftPackageReference;
			repositoryURL = "https://github.com/twostraws/CodeScanner.git";
			requirement = {
				kind = upToNextMajorVersion;
				minimumVersion = 2.5.2;
			};
		};
/* End XCRemoteSwiftPackageReference section */

/* Begin XCSwiftPackageProductDependency section */
		647060CA2D777F750023601B /* FirebaseAnalytics */ = {
			isa = XCSwiftPackageProductDependency;
			package = 647060C92D777F750023601B /* XCRemoteSwiftPackageReference "firebase-ios-sdk" */;
			productName = FirebaseAnalytics;
		};
		647060CC2D777F750023601B /* FirebaseAnalyticsOnDeviceConversion */ = {
			isa = XCSwiftPackageProductDependency;
			package = 647060C92D777F750023601B /* XCRemoteSwiftPackageReference "firebase-ios-sdk" */;
			productName = FirebaseAnalyticsOnDeviceConversion;
		};
		647060CE2D777F750023601B /* FirebaseAnalyticsWithoutAdIdSupport */ = {
			isa = XCSwiftPackageProductDependency;
			package = 647060C92D777F750023601B /* XCRemoteSwiftPackageReference "firebase-ios-sdk" */;
			productName = FirebaseAnalyticsWithoutAdIdSupport;
		};
		647060D02D777F750023601B /* FirebaseAppCheck */ = {
			isa = XCSwiftPackageProductDependency;
			package = 647060C92D777F750023601B /* XCRemoteSwiftPackageReference "firebase-ios-sdk" */;
			productName = FirebaseAppCheck;
		};
		647060D22D777F750023601B /* FirebaseAppDistribution-Beta */ = {
			isa = XCSwiftPackageProductDependency;
			package = 647060C92D777F750023601B /* XCRemoteSwiftPackageReference "firebase-ios-sdk" */;
			productName = "FirebaseAppDistribution-Beta";
		};
		647060D42D777F750023601B /* FirebaseAuth */ = {
			isa = XCSwiftPackageProductDependency;
			package = 647060C92D777F750023601B /* XCRemoteSwiftPackageReference "firebase-ios-sdk" */;
			productName = FirebaseAuth;
		};
		647060D62D777F750023601B /* FirebaseAuthCombine-Community */ = {
			isa = XCSwiftPackageProductDependency;
			package = 647060C92D777F750023601B /* XCRemoteSwiftPackageReference "firebase-ios-sdk" */;
			productName = "FirebaseAuthCombine-Community";
		};
		647060D82D777F750023601B /* FirebaseCore */ = {
			isa = XCSwiftPackageProductDependency;
			package = 647060C92D777F750023601B /* XCRemoteSwiftPackageReference "firebase-ios-sdk" */;
			productName = FirebaseCore;
		};
		647060DA2D777F750023601B /* FirebaseCrashlytics */ = {
			isa = XCSwiftPackageProductDependency;
			package = 647060C92D777F750023601B /* XCRemoteSwiftPackageReference "firebase-ios-sdk" */;
			productName = FirebaseCrashlytics;
		};
		647060DC2D777F750023601B /* FirebaseDatabase */ = {
			isa = XCSwiftPackageProductDependency;
			package = 647060C92D777F750023601B /* XCRemoteSwiftPackageReference "firebase-ios-sdk" */;
			productName = FirebaseDatabase;
		};
		647060DE2D777F750023601B /* FirebaseDynamicLinks */ = {
			isa = XCSwiftPackageProductDependency;
			package = 647060C92D777F750023601B /* XCRemoteSwiftPackageReference "firebase-ios-sdk" */;
			productName = FirebaseDynamicLinks;
		};
		647060E02D777F750023601B /* FirebaseFirestore */ = {
			isa = XCSwiftPackageProductDependency;
			package = 647060C92D777F750023601B /* XCRemoteSwiftPackageReference "firebase-ios-sdk" */;
			productName = FirebaseFirestore;
		};
		647060E22D777F750023601B /* FirebaseFirestoreCombine-Community */ = {
			isa = XCSwiftPackageProductDependency;
			package = 647060C92D777F750023601B /* XCRemoteSwiftPackageReference "firebase-ios-sdk" */;
			productName = "FirebaseFirestoreCombine-Community";
		};
		647060E42D777F750023601B /* FirebaseFunctions */ = {
			isa = XCSwiftPackageProductDependency;
			package = 647060C92D777F750023601B /* XCRemoteSwiftPackageReference "firebase-ios-sdk" */;
			productName = FirebaseFunctions;
		};
		647060E62D777F750023601B /* FirebaseFunctionsCombine-Community */ = {
			isa = XCSwiftPackageProductDependency;
			package = 647060C92D777F750023601B /* XCRemoteSwiftPackageReference "firebase-ios-sdk" */;
			productName = "FirebaseFunctionsCombine-Community";
		};
		647060E82D777F750023601B /* FirebaseInAppMessaging-Beta */ = {
			isa = XCSwiftPackageProductDependency;
			package = 647060C92D777F750023601B /* XCRemoteSwiftPackageReference "firebase-ios-sdk" */;
			productName = "FirebaseInAppMessaging-Beta";
		};
		647060EA2D777F750023601B /* FirebaseInstallations */ = {
			isa = XCSwiftPackageProductDependency;
			package = 647060C92D777F750023601B /* XCRemoteSwiftPackageReference "firebase-ios-sdk" */;
			productName = FirebaseInstallations;
		};
		647060EC2D777F750023601B /* FirebaseMLModelDownloader */ = {
			isa = XCSwiftPackageProductDependency;
			package = 647060C92D777F750023601B /* XCRemoteSwiftPackageReference "firebase-ios-sdk" */;
			productName = FirebaseMLModelDownloader;
		};
		647060EE2D777F750023601B /* FirebaseMessaging */ = {
			isa = XCSwiftPackageProductDependency;
			package = 647060C92D777F750023601B /* XCRemoteSwiftPackageReference "firebase-ios-sdk" */;
			productName = FirebaseMessaging;
		};
		647060F02D777F750023601B /* FirebasePerformance */ = {
			isa = XCSwiftPackageProductDependency;
			package = 647060C92D777F750023601B /* XCRemoteSwiftPackageReference "firebase-ios-sdk" */;
			productName = FirebasePerformance;
		};
		647060F22D777F750023601B /* FirebaseRemoteConfig */ = {
			isa = XCSwiftPackageProductDependency;
			package = 647060C92D777F750023601B /* XCRemoteSwiftPackageReference "firebase-ios-sdk" */;
			productName = FirebaseRemoteConfig;
		};
		647060F42D777F750023601B /* FirebaseStorage */ = {
			isa = XCSwiftPackageProductDependency;
			package = 647060C92D777F750023601B /* XCRemoteSwiftPackageReference "firebase-ios-sdk" */;
			productName = FirebaseStorage;
		};
		647060F62D777F750023601B /* FirebaseStorageCombine-Community */ = {
			isa = XCSwiftPackageProductDependency;
			package = 647060C92D777F750023601B /* XCRemoteSwiftPackageReference "firebase-ios-sdk" */;
			productName = "FirebaseStorageCombine-Community";
		};
		647060F82D777F750023601B /* FirebaseVertexAI */ = {
			isa = XCSwiftPackageProductDependency;
			package = 647060C92D777F750023601B /* XCRemoteSwiftPackageReference "firebase-ios-sdk" */;
			productName = FirebaseVertexAI;
		};
		649063D32D55239E00CD42E9 /* CodeScanner */ = {
			isa = XCSwiftPackageProductDependency;
			package = 649063D22D55239E00CD42E9 /* XCRemoteSwiftPackageReference "CodeScanner" */;
			productName = CodeScanner;
		};
/* End XCSwiftPackageProductDependency section */
	};
	rootObject = 6480B3772D496162007E011F /* Project object */;
}
